
Microsoft Visual Studio Solution File, Format Version 12.00
# Visual Studio Version 17
VisualStudioVersion = 17.5.33530.505
MinimumVisualStudioVersion = 10.0.40219.1
Project("{FAE04EC0-301F-11D3-BF4B-00C04F79EFBC}") = "seleniumCsharpPom", "seleniumCsharpPom.csproj", "{EDA43B09-3EC3-41A7-A22E-FE2CA1567D57}"
EndProject
Global
	GlobalSection(SolutionConfigurationPlatforms) = preSolution
		Debug|Any CPU = Debug|Any CPU
		Release|Any CPU = Release|Any CPU
	EndGlobalSection
	GlobalSection(ProjectConfigurationPlatforms) = postSolution
		{EDA43B09-3EC3-41A7-A22E-FE2CA1567D57}.Debug|Any CPU.ActiveCfg = Debug|Any CPU
		{EDA43B09-3EC3-41A7-A22E-FE2CA1567D57}.Debug|Any CPU.Build.0 = Debug|Any CPU
		{EDA43B09-3EC3-41A7-A22E-FE2CA1567D57}.Release|Any CPU.ActiveCfg = Release|Any CPU
		{EDA43B09-3EC3-41A7-A22E-FE2CA1567D57}.Release|Any CPU.Build.0 = Release|Any CPU
	EndGlobalSection
	GlobalSection(SolutionProperties) = preSolution
		HideSolutionNode = FALSE
	EndGlobalSection
	GlobalSection(ExtensibilityGlobals) = postSolution
		SolutionGuid = {1DD90261-ECED-40A8-BBE9-6EB63F840A00}
	EndGlobalSection
EndGlobal
